
Microsoft Visual Studio Solution File, Format Version 12.00
# Visual Studio Version 16
VisualStudioVersion = 16.0.31205.134
MinimumVisualStudioVersion = 10.0.40219.1
Project("{FAE04EC0-301F-11D3-BF4B-00C04F79EFBC}") = "Preparation", "Preparation\Preparation.csproj", "{434D46E8-269B-4F0C-A931-BD8E18934030}"
EndProject
Project("{FAE04EC0-301F-11D3-BF4B-00C04F79EFBC}") = "ProjectFees", "ProjectFees\ProjectFees.csproj", "{605B7292-D17D-4514-BDD8-D2125F774BEF}"
EndProject
Project("{FAE04EC0-301F-11D3-BF4B-00C04F79EFBC}") = "PlayField", "PlayField\PlayField.csproj", "{A7BA39FB-F9E9-41F8-ADE4-7CA46218F5AC}"
EndProject
Project("{FAE04EC0-301F-11D3-BF4B-00C04F79EFBC}") = "WinformsPlayField", "WinformsPlayField\WinformsPlayField.csproj", "{94C61EB5-CB75-4D01-9849-BB0C694B9722}"
EndProject
Project("{FAE04EC0-301F-11D3-BF4B-00C04F79EFBC}") = "In-Depth Events Example", "In-Depth Events Example\In-Depth Events Example.csproj", "{A8760F65-ABE4-4EB7-BA8F-B440CB8C3E4D}"
EndProject
Project("{FAE04EC0-301F-11D3-BF4B-00C04F79EFBC}") = "IssueTrackerLogic", "IssueTrackerLogic\IssueTrackerLogic.csproj", "{3EE942AC-B45E-42D6-8890-88280399B3BA}"
EndProject
Project("{2150E333-8FDC-42A3-9474-1A3956D46DE8}") = "WinForms", "WinForms", "{140CE7FB-61A6-4AAB-93E7-8F6921BC1287}"
EndProject
Project("{2150E333-8FDC-42A3-9474-1A3956D46DE8}") = "WebForms", "WebForms", "{C8E4646C-5D02-45CE-BD4E-7644AC49784C}"
EndProject
Project("{2150E333-8FDC-42A3-9474-1A3956D46DE8}") = "ConsoleApps", "ConsoleApps", "{40A95123-F80B-4B4B-92F7-AD4EFC5704A8}"
EndProject
Project("{FAE04EC0-301F-11D3-BF4B-00C04F79EFBC}") = "IssueTrackerInfastructure", "IssueTrackerInfastructure\IssueTrackerInfastructure.csproj", "{88677720-3C2A-4923-A610-EBF6260C7B52}"
EndProject
Project("{9A19103F-16F7-4668-BE54-9A1E7A4F7556}") = "WPFCORE", "WPFCORE\WPFCORE.csproj", "{570DB06C-92A1-448B-8A2D-41C960AF9D17}"
EndProject
Project("{2150E333-8FDC-42A3-9474-1A3956D46DE8}") = "WPF With .Net Core 3.1", "WPF With .Net Core 3.1", "{76DDD312-6EAE-4DAC-ADE1-7B473ACA6AC2}"
EndProject
Project("{FAE04EC0-301F-11D3-BF4B-00C04F79EFBC}") = "ADO.NET Example", "ADO.NET Example\ADO.NET Example.csproj", "{C062E87D-1A27-4BC4-B64E-CE09BC3A81E8}"
EndProject
Project("{FAE04EC0-301F-11D3-BF4B-00C04F79EFBC}") = "ADO.NET Class Library Ex", "ADO.NET Class Library Ex\ADO.NET Class Library Ex.csproj", "{F2CD9DFD-2DC9-4AAF-ADEC-63F74E3B0C39}"
EndProject
Project("{2150E333-8FDC-42A3-9474-1A3956D46DE8}") = "WPF", "WPF", "{83BD1BF3-4152-4913-B10C-AF9B684BD7B1}"
EndProject
Project("{FAE04EC0-301F-11D3-BF4B-00C04F79EFBC}") = "AdvancedAsync", "AdvancedAsync\AdvancedAsync.csproj", "{D5AC4746-9C17-42B5-838B-F3A26D89A1BD}"
EndProject
Global
	GlobalSection(SolutionConfigurationPlatforms) = preSolution
		Debug|Any CPU = Debug|Any CPU
		Release|Any CPU = Release|Any CPU
	EndGlobalSection
	GlobalSection(ProjectConfigurationPlatforms) = postSolution
		{434D46E8-269B-4F0C-A931-BD8E18934030}.Debug|Any CPU.ActiveCfg = Debug|Any CPU
		{434D46E8-269B-4F0C-A931-BD8E18934030}.Debug|Any CPU.Build.0 = Debug|Any CPU
		{434D46E8-269B-4F0C-A931-BD8E18934030}.Release|Any CPU.ActiveCfg = Release|Any CPU
		{434D46E8-269B-4F0C-A931-BD8E18934030}.Release|Any CPU.Build.0 = Release|Any CPU
		{605B7292-D17D-4514-BDD8-D2125F774BEF}.Debug|Any CPU.ActiveCfg = Debug|Any CPU
		{605B7292-D17D-4514-BDD8-D2125F774BEF}.Debug|Any CPU.Build.0 = Debug|Any CPU
		{605B7292-D17D-4514-BDD8-D2125F774BEF}.Release|Any CPU.ActiveCfg = Release|Any CPU
		{605B7292-D17D-4514-BDD8-D2125F774BEF}.Release|Any CPU.Build.0 = Release|Any CPU
		{A7BA39FB-F9E9-41F8-ADE4-7CA46218F5AC}.Debug|Any CPU.ActiveCfg = Debug|Any CPU
		{A7BA39FB-F9E9-41F8-ADE4-7CA46218F5AC}.Debug|Any CPU.Build.0 = Debug|Any CPU
		{A7BA39FB-F9E9-41F8-ADE4-7CA46218F5AC}.Release|Any CPU.ActiveCfg = Release|Any CPU
		{A7BA39FB-F9E9-41F8-ADE4-7CA46218F5AC}.Release|Any CPU.Build.0 = Release|Any CPU
		{94C61EB5-CB75-4D01-9849-BB0C694B9722}.Debug|Any CPU.ActiveCfg = Debug|Any CPU
		{94C61EB5-CB75-4D01-9849-BB0C694B9722}.Debug|Any CPU.Build.0 = Debug|Any CPU
		{94C61EB5-CB75-4D01-9849-BB0C694B9722}.Release|Any CPU.ActiveCfg = Release|Any CPU
		{94C61EB5-CB75-4D01-9849-BB0C694B9722}.Release|Any CPU.Build.0 = Release|Any CPU
		{A8760F65-ABE4-4EB7-BA8F-B440CB8C3E4D}.Debug|Any CPU.ActiveCfg = Debug|Any CPU
		{A8760F65-ABE4-4EB7-BA8F-B440CB8C3E4D}.Debug|Any CPU.Build.0 = Debug|Any CPU
		{A8760F65-ABE4-4EB7-BA8F-B440CB8C3E4D}.Release|Any CPU.ActiveCfg = Release|Any CPU
		{A8760F65-ABE4-4EB7-BA8F-B440CB8C3E4D}.Release|Any CPU.Build.0 = Release|Any CPU
		{3EE942AC-B45E-42D6-8890-88280399B3BA}.Debug|Any CPU.ActiveCfg = Debug|Any CPU
		{3EE942AC-B45E-42D6-8890-88280399B3BA}.Debug|Any CPU.Build.0 = Debug|Any CPU
		{3EE942AC-B45E-42D6-8890-88280399B3BA}.Release|Any CPU.ActiveCfg = Release|Any CPU
		{3EE942AC-B45E-42D6-8890-88280399B3BA}.Release|Any CPU.Build.0 = Release|Any CPU
		{88677720-3C2A-4923-A610-EBF6260C7B52}.Debug|Any CPU.ActiveCfg = Debug|Any CPU
		{88677720-3C2A-4923-A610-EBF6260C7B52}.Debug|Any CPU.Build.0 = Debug|Any CPU
		{88677720-3C2A-4923-A610-EBF6260C7B52}.Release|Any CPU.ActiveCfg = Release|Any CPU
		{88677720-3C2A-4923-A610-EBF6260C7B52}.Release|Any CPU.Build.0 = Release|Any CPU
		{570DB06C-92A1-448B-8A2D-41C960AF9D17}.Debug|Any CPU.ActiveCfg = Debug|Any CPU
		{570DB06C-92A1-448B-8A2D-41C960AF9D17}.Debug|Any CPU.Build.0 = Debug|Any CPU
		{570DB06C-92A1-448B-8A2D-41C960AF9D17}.Release|Any CPU.ActiveCfg = Release|Any CPU
		{570DB06C-92A1-448B-8A2D-41C960AF9D17}.Release|Any CPU.Build.0 = Release|Any CPU
		{C062E87D-1A27-4BC4-B64E-CE09BC3A81E8}.Debug|Any CPU.ActiveCfg = Debug|Any CPU
		{C062E87D-1A27-4BC4-B64E-CE09BC3A81E8}.Debug|Any CPU.Build.0 = Debug|Any CPU
		{C062E87D-1A27-4BC4-B64E-CE09BC3A81E8}.Release|Any CPU.ActiveCfg = Release|Any CPU
		{C062E87D-1A27-4BC4-B64E-CE09BC3A81E8}.Release|Any CPU.Build.0 = Release|Any CPU
		{F2CD9DFD-2DC9-4AAF-ADEC-63F74E3B0C39}.Debug|Any CPU.ActiveCfg = Debug|Any CPU
		{F2CD9DFD-2DC9-4AAF-ADEC-63F74E3B0C39}.Debug|Any CPU.Build.0 = Debug|Any CPU
		{F2CD9DFD-2DC9-4AAF-ADEC-63F74E3B0C39}.Release|Any CPU.ActiveCfg = Release|Any CPU
		{F2CD9DFD-2DC9-4AAF-ADEC-63F74E3B0C39}.Release|Any CPU.Build.0 = Release|Any CPU
		{D5AC4746-9C17-42B5-838B-F3A26D89A1BD}.Debug|Any CPU.ActiveCfg = Debug|Any CPU
		{D5AC4746-9C17-42B5-838B-F3A26D89A1BD}.Debug|Any CPU.Build.0 = Debug|Any CPU
		{D5AC4746-9C17-42B5-838B-F3A26D89A1BD}.Release|Any CPU.ActiveCfg = Release|Any CPU
		{D5AC4746-9C17-42B5-838B-F3A26D89A1BD}.Release|Any CPU.Build.0 = Release|Any CPU
	EndGlobalSection
	GlobalSection(SolutionProperties) = preSolution
		HideSolutionNode = FALSE
	EndGlobalSection
	GlobalSection(NestedProjects) = preSolution
		{434D46E8-269B-4F0C-A931-BD8E18934030} = {C8E4646C-5D02-45CE-BD4E-7644AC49784C}
		{605B7292-D17D-4514-BDD8-D2125F774BEF} = {C8E4646C-5D02-45CE-BD4E-7644AC49784C}
		{A7BA39FB-F9E9-41F8-ADE4-7CA46218F5AC} = {40A95123-F80B-4B4B-92F7-AD4EFC5704A8}
		{94C61EB5-CB75-4D01-9849-BB0C694B9722} = {140CE7FB-61A6-4AAB-93E7-8F6921BC1287}
		{A8760F65-ABE4-4EB7-BA8F-B440CB8C3E4D} = {40A95123-F80B-4B4B-92F7-AD4EFC5704A8}
		{3EE942AC-B45E-42D6-8890-88280399B3BA} = {140CE7FB-61A6-4AAB-93E7-8F6921BC1287}
		{88677720-3C2A-4923-A610-EBF6260C7B52} = {140CE7FB-61A6-4AAB-93E7-8F6921BC1287}
		{570DB06C-92A1-448B-8A2D-41C960AF9D17} = {76DDD312-6EAE-4DAC-ADE1-7B473ACA6AC2}
		{C062E87D-1A27-4BC4-B64E-CE09BC3A81E8} = {C8E4646C-5D02-45CE-BD4E-7644AC49784C}
		{F2CD9DFD-2DC9-4AAF-ADEC-63F74E3B0C39} = {C8E4646C-5D02-45CE-BD4E-7644AC49784C}
		{D5AC4746-9C17-42B5-838B-F3A26D89A1BD} = {83BD1BF3-4152-4913-B10C-AF9B684BD7B1}
	EndGlobalSection
	GlobalSection(ExtensibilityGlobals) = postSolution
		SolutionGuid = {63108DC7-C682-4A1E-A0FD-3E6497897036}
	EndGlobalSection
EndGlobal
